
Microsoft Visual Studio Solution File, Format Version 12.00
# Visual Studio Version 17
VisualStudioVersion = 17.14.36811.4
MinimumVisualStudioVersion = 10.0.40219.1
Project("{FAE04EC0-301F-11D3-BF4B-00C04F79EFBC}") = "AIUX", "AIUX\AIUX.csproj", "{F4712BE6-4ACE-4B2B-A0F3-02161EF77E86}"
EndProject
Project("{FAE04EC0-301F-11D3-BF4B-00C04F79EFBC}") = "AIUXTests", "AIUXTests\AIUXTests.csproj", "{077ED23C-06FA-44EB-B6AB-91ED8DE32C49}"
EndProject
Global
	GlobalSection(SolutionConfigurationPlatforms) = preSolution
		Debug|Any CPU = Debug|Any CPU
		Release|Any CPU = Release|Any CPU
	EndGlobalSection
	GlobalSection(ProjectConfigurationPlatforms) = postSolution
		{F4712BE6-4ACE-4B2B-A0F3-02161EF77E86}.Debug|Any CPU.ActiveCfg = Debug|Any CPU
		{F4712BE6-4ACE-4B2B-A0F3-02161EF77E86}.Debug|Any CPU.Build.0 = Debug|Any CPU
		{F4712BE6-4ACE-4B2B-A0F3-02161EF77E86}.Release|Any CPU.ActiveCfg = Release|Any CPU
		{F4712BE6-4ACE-4B2B-A0F3-02161EF77E86}.Release|Any CPU.Build.0 = Release|Any CPU
		{077ED23C-06FA-44EB-B6AB-91ED8DE32C49}.Debug|Any CPU.ActiveCfg = Debug|Any CPU
		{077ED23C-06FA-44EB-B6AB-91ED8DE32C49}.Debug|Any CPU.Build.0 = Debug|Any CPU
		{077ED23C-06FA-44EB-B6AB-91ED8DE32C49}.Release|Any CPU.ActiveCfg = Release|Any CPU
		{077ED23C-06FA-44EB-B6AB-91ED8DE32C49}.Release|Any CPU.Build.0 = Release|Any CPU
	EndGlobalSection
	GlobalSection(SolutionProperties) = preSolution
		HideSolutionNode = FALSE
	EndGlobalSection
	GlobalSection(ExtensibilityGlobals) = postSolution
		SolutionGuid = {776F1381-D6CB-4A23-8EC5-456432476612}
	EndGlobalSection
EndGlobal
